
Microsoft Visual Studio Solution File, Format Version 12.00
# Visual Studio 15
VisualStudioVersion = 15.0.28307.329
MinimumVisualStudioVersion = 10.0.40219.1
Project("{8BC9CEB8-8B4A-11D0-8D11-00A0C91BC942}") = "pixStone", "pixStone.vcxproj", "{C0B8857F-4C82-4277-BB8C-6EF1F169297E}"
EndProject
Global
	GlobalSection(SolutionConfigurationPlatforms) = preSolution
		Debug|Win32 = Debug|Win32
		Debug|x64 = Debug|x64
		Release|Win32 = Release|Win32
		Release|x64 = Release|x64
	EndGlobalSection
	GlobalSection(ProjectConfigurationPlatforms) = postSolution
		{C0B8857F-4C82-4277-BB8C-6EF1F169297E}.Debug|Win32.ActiveCfg = Debug|Win32
		{C0B8857F-4C82-4277-BB8C-6EF1F169297E}.Debug|Win32.Build.0 = Debug|Win32
		{C0B8857F-4C82-4277-BB8C-6EF1F169297E}.Debug|x64.ActiveCfg = Debug|x64
		{C0B8857F-4C82-4277-BB8C-6EF1F169297E}.Debug|x64.Build.0 = Debug|x64
		{C0B8857F-4C82-4277-BB8C-6EF1F169297E}.Release|Win32.ActiveCfg = Release|Win32
		{C0B8857F-4C82-4277-BB8C-6EF1F169297E}.Release|Win32.Build.0 = Release|Win32
		{C0B8857F-4C82-4277-BB8C-6EF1F169297E}.Release|x64.ActiveCfg = Release|x64
		{C0B8857F-4C82-4277-BB8C-6EF1F169297E}.Release|x64.Build.0 = Release|x64
	EndGlobalSection
	GlobalSection(SolutionProperties) = preSolution
		HideSolutionNode = FALSE
	EndGlobalSection
	GlobalSection(ExtensibilityGlobals) = postSolution
		SolutionGuid = {0F8F56E8-F67C-4A7B-8404-3D56C5B90216}
	EndGlobalSection
EndGlobal
